
Microsoft Visual Studio Solution File, Format Version 12.00
# Visual Studio Version 16
VisualStudioVersion = 16.0.31112.23
MinimumVisualStudioVersion = 10.0.40219.1
Project("{FAE04EC0-301F-11D3-BF4B-00C04F79EFBC}") = "educ_system", "educ_system\educ_system.csproj", "{A2687CFF-9801-4A13-B1B8-9AEC847FC0A6}"
EndProject
Global
	GlobalSection(SolutionConfigurationPlatforms) = preSolution
		Debug|Any CPU = Debug|Any CPU
		Release|Any CPU = Release|Any CPU
	EndGlobalSection
	GlobalSection(ProjectConfigurationPlatforms) = postSolution
		{A2687CFF-9801-4A13-B1B8-9AEC847FC0A6}.Debug|Any CPU.ActiveCfg = Debug|Any CPU
		{A2687CFF-9801-4A13-B1B8-9AEC847FC0A6}.Debug|Any CPU.Build.0 = Debug|Any CPU
		{A2687CFF-9801-4A13-B1B8-9AEC847FC0A6}.Release|Any CPU.ActiveCfg = Release|Any CPU
		{A2687CFF-9801-4A13-B1B8-9AEC847FC0A6}.Release|Any CPU.Build.0 = Release|Any CPU
	EndGlobalSection
	GlobalSection(SolutionProperties) = preSolution
		HideSolutionNode = FALSE
	EndGlobalSection
	GlobalSection(ExtensibilityGlobals) = postSolution
		SolutionGuid = {B4A77A57-FCFE-42CA-9F8C-614138BAF527}
	EndGlobalSection
EndGlobal
